
Microsoft Visual Studio Solution File, Format Version 12.00
# Visual Studio Version 17
VisualStudioVersion = 17.2.32630.192
MinimumVisualStudioVersion = 10.0.40219.1
Project("{2150E333-8FDC-42A3-9474-1A3956D46DE8}") = "src", "src", "{B6A397B0-F0F6-47EE-80EC-E8761E552C91}"
EndProject
Project("{2150E333-8FDC-42A3-9474-1A3956D46DE8}") = "test", "test", "{8A249853-D8FD-4C8C-81B6-F22249565CC0}"
EndProject
Project("{2150E333-8FDC-42A3-9474-1A3956D46DE8}") = "tools", "tools", "{A8243E32-3152-4FFD-8BA3-6779EBA7D943}"
EndProject
Project("{2150E333-8FDC-42A3-9474-1A3956D46DE8}") = "scripts", "scripts", "{5692028D-E912-4789-AE00-B6FC891CFCFF}"
EndProject
Project("{FAE04EC0-301F-11D3-BF4B-00C04F79EFBC}") = "WCF_Demo1_OneWay", "src\WCF_Demo1_OneWay\WCF_Demo1_OneWay.csproj", "{A226B0FE-BF1B-4451-868E-463A58E7224B}"
EndProject
Project("{FAE04EC0-301F-11D3-BF4B-00C04F79EFBC}") = "WCF_Demo2_Client", "src\WCF_Demo2_Client\WCF_Demo2_Client.csproj", "{4CB6F692-BF66-4563-B7FD-EE65FF534A33}"
EndProject
Project("{FAE04EC0-301F-11D3-BF4B-00C04F79EFBC}") = "WCF_Demo2_Server", "src\WCF_Demo2_Server\WCF_Demo2_Server.csproj", "{B44406A2-847E-4321-8DF1-33601BE847C6}"
EndProject
Project("{FAE04EC0-301F-11D3-BF4B-00C04F79EFBC}") = "WCFApplicationProgram", "src\WCFApplicationProgram\WCFApplicationProgram.csproj", "{BDDDC628-8A2D-4F66-A013-5E5829B2AD7F}"
EndProject
Project("{FAE04EC0-301F-11D3-BF4B-00C04F79EFBC}") = "WCFApplicationProgramTestControl", "src\WCFApplicationProgramTestControl\WCFApplicationProgramTestControl.csproj", "{41766219-1DF9-48A6-AD1F-5C4E46E8C393}"
EndProject
Project("{FAE04EC0-301F-11D3-BF4B-00C04F79EFBC}") = "SOAMain", "src\SOAMain\SOAMain.csproj", "{41773E0D-C041-4DD8-8F9D-122CC98DB5A3}"
EndProject
Project("{FAE04EC0-301F-11D3-BF4B-00C04F79EFBC}") = "SOAMainUnitTest", "test\SOAUnitTest\SOAMainUnitTest.csproj", "{23A2D79A-9F41-4297-B77D-FB7965AD5E1C}"
EndProject
Global
	GlobalSection(SolutionConfigurationPlatforms) = preSolution
		Debug|Any CPU = Debug|Any CPU
		Release|Any CPU = Release|Any CPU
	EndGlobalSection
	GlobalSection(ProjectConfigurationPlatforms) = postSolution
		{A226B0FE-BF1B-4451-868E-463A58E7224B}.Debug|Any CPU.ActiveCfg = Debug|Any CPU
		{A226B0FE-BF1B-4451-868E-463A58E7224B}.Debug|Any CPU.Build.0 = Debug|Any CPU
		{A226B0FE-BF1B-4451-868E-463A58E7224B}.Release|Any CPU.ActiveCfg = Release|Any CPU
		{A226B0FE-BF1B-4451-868E-463A58E7224B}.Release|Any CPU.Build.0 = Release|Any CPU
		{4CB6F692-BF66-4563-B7FD-EE65FF534A33}.Debug|Any CPU.ActiveCfg = Debug|Any CPU
		{4CB6F692-BF66-4563-B7FD-EE65FF534A33}.Debug|Any CPU.Build.0 = Debug|Any CPU
		{4CB6F692-BF66-4563-B7FD-EE65FF534A33}.Release|Any CPU.ActiveCfg = Release|Any CPU
		{4CB6F692-BF66-4563-B7FD-EE65FF534A33}.Release|Any CPU.Build.0 = Release|Any CPU
		{B44406A2-847E-4321-8DF1-33601BE847C6}.Debug|Any CPU.ActiveCfg = Debug|Any CPU
		{B44406A2-847E-4321-8DF1-33601BE847C6}.Debug|Any CPU.Build.0 = Debug|Any CPU
		{B44406A2-847E-4321-8DF1-33601BE847C6}.Release|Any CPU.ActiveCfg = Release|Any CPU
		{B44406A2-847E-4321-8DF1-33601BE847C6}.Release|Any CPU.Build.0 = Release|Any CPU
		{BDDDC628-8A2D-4F66-A013-5E5829B2AD7F}.Debug|Any CPU.ActiveCfg = Debug|Any CPU
		{BDDDC628-8A2D-4F66-A013-5E5829B2AD7F}.Debug|Any CPU.Build.0 = Debug|Any CPU
		{BDDDC628-8A2D-4F66-A013-5E5829B2AD7F}.Release|Any CPU.ActiveCfg = Release|Any CPU
		{BDDDC628-8A2D-4F66-A013-5E5829B2AD7F}.Release|Any CPU.Build.0 = Release|Any CPU
		{41766219-1DF9-48A6-AD1F-5C4E46E8C393}.Debug|Any CPU.ActiveCfg = Debug|Any CPU
		{41766219-1DF9-48A6-AD1F-5C4E46E8C393}.Debug|Any CPU.Build.0 = Debug|Any CPU
		{41766219-1DF9-48A6-AD1F-5C4E46E8C393}.Release|Any CPU.ActiveCfg = Release|Any CPU
		{41766219-1DF9-48A6-AD1F-5C4E46E8C393}.Release|Any CPU.Build.0 = Release|Any CPU
		{41773E0D-C041-4DD8-8F9D-122CC98DB5A3}.Debug|Any CPU.ActiveCfg = Debug|Any CPU
		{41773E0D-C041-4DD8-8F9D-122CC98DB5A3}.Debug|Any CPU.Build.0 = Debug|Any CPU
		{41773E0D-C041-4DD8-8F9D-122CC98DB5A3}.Release|Any CPU.ActiveCfg = Release|Any CPU
		{41773E0D-C041-4DD8-8F9D-122CC98DB5A3}.Release|Any CPU.Build.0 = Release|Any CPU
		{23A2D79A-9F41-4297-B77D-FB7965AD5E1C}.Debug|Any CPU.ActiveCfg = Debug|Any CPU
		{23A2D79A-9F41-4297-B77D-FB7965AD5E1C}.Debug|Any CPU.Build.0 = Debug|Any CPU
		{23A2D79A-9F41-4297-B77D-FB7965AD5E1C}.Release|Any CPU.ActiveCfg = Release|Any CPU
		{23A2D79A-9F41-4297-B77D-FB7965AD5E1C}.Release|Any CPU.Build.0 = Release|Any CPU
	EndGlobalSection
	GlobalSection(SolutionProperties) = preSolution
		HideSolutionNode = FALSE
	EndGlobalSection
	GlobalSection(NestedProjects) = preSolution
		{A226B0FE-BF1B-4451-868E-463A58E7224B} = {B6A397B0-F0F6-47EE-80EC-E8761E552C91}
		{4CB6F692-BF66-4563-B7FD-EE65FF534A33} = {B6A397B0-F0F6-47EE-80EC-E8761E552C91}
		{B44406A2-847E-4321-8DF1-33601BE847C6} = {B6A397B0-F0F6-47EE-80EC-E8761E552C91}
		{BDDDC628-8A2D-4F66-A013-5E5829B2AD7F} = {B6A397B0-F0F6-47EE-80EC-E8761E552C91}
		{41766219-1DF9-48A6-AD1F-5C4E46E8C393} = {B6A397B0-F0F6-47EE-80EC-E8761E552C91}
		{41773E0D-C041-4DD8-8F9D-122CC98DB5A3} = {B6A397B0-F0F6-47EE-80EC-E8761E552C91}
		{23A2D79A-9F41-4297-B77D-FB7965AD5E1C} = {8A249853-D8FD-4C8C-81B6-F22249565CC0}
	EndGlobalSection
	GlobalSection(ExtensibilityGlobals) = postSolution
		SolutionGuid = {2371FE8C-0568-45A7-A509-01744B1E1C2D}
	EndGlobalSection
EndGlobal
